
Microsoft Visual Studio Solution File, Format Version 12.00
# Visual Studio Version 17
VisualStudioVersion = 17.9.34728.123
MinimumVisualStudioVersion = 10.0.40219.1
Project("{FAE04EC0-301F-11D3-BF4B-00C04F79EFBC}") = "PP UKE 1", "PP UKE 1\PP UKE 1.csproj", "{FAB0F561-7331-488F-AB1E-39A210187006}"
EndProject
Global
	GlobalSection(SolutionConfigurationPlatforms) = preSolution
		Debug|Any CPU = Debug|Any CPU
		Release|Any CPU = Release|Any CPU
	EndGlobalSection
	GlobalSection(ProjectConfigurationPlatforms) = postSolution
		{FAB0F561-7331-488F-AB1E-39A210187006}.Debug|Any CPU.ActiveCfg = Debug|Any CPU
		{FAB0F561-7331-488F-AB1E-39A210187006}.Debug|Any CPU.Build.0 = Debug|Any CPU
		{FAB0F561-7331-488F-AB1E-39A210187006}.Release|Any CPU.ActiveCfg = Release|Any CPU
		{FAB0F561-7331-488F-AB1E-39A210187006}.Release|Any CPU.Build.0 = Release|Any CPU
	EndGlobalSection
	GlobalSection(SolutionProperties) = preSolution
		HideSolutionNode = FALSE
	EndGlobalSection
	GlobalSection(ExtensibilityGlobals) = postSolution
		SolutionGuid = {5ED271EA-AD35-4769-AE6F-9CCA4A2DD500}
	EndGlobalSection
EndGlobal
